
Microsoft Visual Studio Solution File, Format Version 12.00
# Visual Studio 15
VisualStudioVersion = 15.0.26430.6
MinimumVisualStudioVersion = 10.0.40219.1
Project("{FAE04EC0-301F-11D3-BF4B-00C04F79EFBC}") = "MoritzGame", "MoritzGame\MoritzGame.csproj", "{7DE30D34-A6F1-4872-A8E9-DF90207C33BE}"
EndProject
Global
	GlobalSection(SolutionConfigurationPlatforms) = preSolution
		Debug|Any CPU = Debug|Any CPU
		Release|Any CPU = Release|Any CPU
	EndGlobalSection
	GlobalSection(ProjectConfigurationPlatforms) = postSolution
		{7DE30D34-A6F1-4872-A8E9-DF90207C33BE}.Debug|Any CPU.ActiveCfg = Debug|Any CPU
		{7DE30D34-A6F1-4872-A8E9-DF90207C33BE}.Debug|Any CPU.Build.0 = Debug|Any CPU
		{7DE30D34-A6F1-4872-A8E9-DF90207C33BE}.Release|Any CPU.ActiveCfg = Release|Any CPU
		{7DE30D34-A6F1-4872-A8E9-DF90207C33BE}.Release|Any CPU.Build.0 = Release|Any CPU
	EndGlobalSection
	GlobalSection(SolutionProperties) = preSolution
		HideSolutionNode = FALSE
	EndGlobalSection
EndGlobal
